{
  "requires": true,
  "lockfileVersion": 1,
  "dependencies": {
    "angular5-csv": {
      "version": "0.2.11",
      "resolved": "https://registry.npmjs.org/angular5-csv/-/angular5-csv-0.2.11.tgz",
      "integrity": "sha512-N2uhl5mr1iziUclBH+NZ/ir5WbQyzwtJ979OaS8p1bRXvh4+NIYOAn9b34zr2IbtTvKWvdn/pgXrXHi35lOO5g=="
    }
  }
}
